{
  "name": "xzyycloud",
  "version": "1.0.0",
  "lockfileVersion": 1,
  "requires": true,
  "dependencies": {
    "@vant/weapp": {
      "version": "1.8.7",
      "resolved": "https://registry.nlark.com/@vant/weapp/download/@vant/weapp-1.8.7.tgz",
      "integrity": "sha1-ewQSrYswScdniv6IXEUjBeQz+WA="
    }
  }
}
